
Microsoft Visual Studio Solution File, Format Version 12.00
# Visual Studio Version 17
VisualStudioVersion = 17.1.32328.378
MinimumVisualStudioVersion = 10.0.40219.1
Project("{FAE04EC0-301F-11D3-BF4B-00C04F79EFBC}") = "FileIOProgram3", "FileIOProgram3\FileIOProgram3.csproj", "{663E8AD5-C087-4361-A18C-1278E5CA7719}"
EndProject
Global
	GlobalSection(SolutionConfigurationPlatforms) = preSolution
		Debug|Any CPU = Debug|Any CPU
		Release|Any CPU = Release|Any CPU
	EndGlobalSection
	GlobalSection(ProjectConfigurationPlatforms) = postSolution
		{663E8AD5-C087-4361-A18C-1278E5CA7719}.Debug|Any CPU.ActiveCfg = Debug|Any CPU
		{663E8AD5-C087-4361-A18C-1278E5CA7719}.Debug|Any CPU.Build.0 = Debug|Any CPU
		{663E8AD5-C087-4361-A18C-1278E5CA7719}.Release|Any CPU.ActiveCfg = Release|Any CPU
		{663E8AD5-C087-4361-A18C-1278E5CA7719}.Release|Any CPU.Build.0 = Release|Any CPU
	EndGlobalSection
	GlobalSection(SolutionProperties) = preSolution
		HideSolutionNode = FALSE
	EndGlobalSection
	GlobalSection(ExtensibilityGlobals) = postSolution
		SolutionGuid = {983E7226-C11F-4C86-BA3B-9588528458B1}
	EndGlobalSection
EndGlobal
